// !$*UTF8*$!
{
	archiveVersion = 1;
	classes = {
	};
	objectVersion = 46;
	objects = {

/* Begin PBXBuildFile section */
		1DB2FBB21A5AA62F004AC308 /* AppDelegate.swift in Sources */ = {isa = PBXBuildFile; fileRef = 1DB2FBB11A5AA62F004AC308 /* AppDelegate.swift */; };
		1DB2FBB41A5AA62F004AC308 /* ViewController.swift in Sources */ = {isa = PBXBuildFile; fileRef = 1DB2FBB31A5AA62F004AC308 /* ViewController.swift */; };
		1DB2FBB71A5AA62F004AC308 /* Main.storyboard in Resources */ = {isa = PBXBuildFile; fileRef = 1DB2FBB51A5AA62F004AC308 /* Main.storyboard */; };
		1DB2FBB91A5AA62F004AC308 /* Images.xcassets in Resources */ = {isa = PBXBuildFile; fileRef = 1DB2FBB81A5AA62F004AC308 /* Images.xcassets */; };
		1DB2FBBC1A5AA62F004AC308 /* LaunchScreen.xib in Resources */ = {isa = PBXBuildFile; fileRef = 1DB2FBBA1A5AA62F004AC308 /* LaunchScreen.xib */; };
		1DB2FBC81A5AA62F004AC308 /* TestTests.swift in Sources */ = {isa = PBXBuildFile; fileRef = 1DB2FBC71A5AA62F004AC308 /* TestTests.swift */; };
/* End PBXBuildFile section */

/* Begin PBXContainerItemProxy section */
		1DB2FBC21A5AA62F004AC308 /* PBXContainerItemProxy */ = {
			isa = PBXContainerItemProxy;
			containerPortal = 1DB2FBA41A5AA62F004AC308 /* Project object */;
			proxyType = 1;
			remoteGlobalIDString = 1DB2FBAB1A5AA62F004AC308;
			remoteInfo = Test;
		};
/* End PBXContainerItemProxy section */

/* Begin PBXFileReference section */
		1DB2FBAC1A5AA62F004AC308 /* Test.app */ = {isa = PBXFileReference; explicitFileType = wrapper.application; includeInIndex = 0; path = Test.app; sourceTree = BUILT_PRODUCTS_DIR; };
		1DB2FBB01A5AA62F004AC308 /* Info.plist */ = {isa = PBXFileReference; lastKnownFileType = text.plist.xml; path = Info.plist; sourceTree = "<group>"; };
		1DB2FBB11A5AA62F004AC308 /* AppDelegate.swift */ = {isa = PBXFileReference; lastKnownFileType = sourcecode.swift; path = AppDelegate.swift; sourceTree = "<group>"; };
		1DB2FBB31A5AA62F004AC308 /* ViewController.swift */ = {isa = PBXFileReference; lastKnownFileType = sourcecode.swift; path = ViewController.swift; sourceTree = "<group>"; };
		1DB2FBB61A5AA62F004AC308 /* Base */ = {isa = PBXFileReference; lastKnownFileType = file.storyboard; name = Base; path = Base.lproj/Main.storyboard; sourceTree = "<group>"; };
		1DB2FBB81A5AA62F004AC308 /* Images.xcassets */ = {isa = PBXFileReference; lastKnownFileType = folder.assetcatalog; path = Images.xcassets; sourceTree = "<group>"; };
		1DB2FBBB1A5AA62F004AC308 /* Base */ = {isa = PBXFileReference; lastKnownFileType = file.xib; name = Base; path = Base.lproj/LaunchScreen.xib; sourceTree = "<group>"; };
		1DB2FBC11A5AA62F004AC308 /* TestTests.xctest */ = {isa = PBXFileReference; explicitFileType = wrapper.cfbundle; includeInIndex = 0; path = TestTests.xctest; sourceTree = BUILT_PRODUCTS_DIR; };
		1DB2FBC61A5AA62F004AC308 /* Info.plist */ = {isa = PBXFileReference; lastKnownFileType = text.plist.xml; path = Info.plist; sourceTree = "<group>"; };
		1DB2FBC71A5AA62F004AC308 /* TestTests.swift */ = {isa = PBXFileReference; lastKnownFileType = sourcecode.swift; path = TestTests.swift; sourceTree = "<group>"; };
/* End PBXFileReference section */

/* Begin PBXFrameworksBuildPhase section */
		1DB2FBA91A5AA62F004AC308 /* Frameworks */ = {
			isa = PBXFrameworksBuildPhase;
			buildActionMask = 2147483647;
			files = (
			);
			runOnlyForDeploymentPostprocessing = 0;
		};
		1DB2FBBE1A5AA62F004AC308 /* Frameworks */ = {
			isa = PBXFrameworksBuildPhase;
			buildActionMask = 2147483647;
			files = (
			);
			runOnlyForDeploymentPostprocessing = 0;
		};
/* End PBXFrameworksBuildPhase section */

/* Begin PBXGroup section */
		1DB2FBA31A5AA62F004AC308 = {
			isa = PBXGroup;
			children = (
				1DB2FBAE1A5AA62F004AC308 /* Test */,
				1DB2FBC41A5AA62F004AC308 /* TestTests */,
				1DB2FBAD1A5AA62F004AC308 /* Products */,
			);
			sourceTree = "<group>";
		};
		1DB2FBAD1A5AA62F004AC308 /* Products */ = {
			isa = PBXGroup;
			children = (
				1DB2FBAC1A5AA62F004AC308 /* Test.app */,
				1DB2FBC11A5AA62F004AC308 /* TestTests.xctest */,
			);
			name = Products;
			sourceTree = "<group>";
		};
		1DB2FBAE1A5AA62F004AC308 /* Test */ = {
			isa = PBXGroup;
			children = (
				1DB2FBB11A5AA62F004AC308 /* AppDelegate.swift */,
				1DB2FBB31A5AA62F004AC308 /* ViewController.swift */,
				1DB2FBB51A5AA62F004AC308 /* Main.storyboard */,
				1DB2FBB81A5AA62F004AC308 /* Images.xcassets */,
				1DB2FBBA1A5AA62F004AC308 /* LaunchScreen.xib */,
				1DB2FBAF1A5AA62F004AC308 /* Supporting Files */,
			);
			path = Test;
			sourceTree = "<group>";
		};
		1DB2FBAF1A5AA62F004AC308 /* Supporting Files */ = {
			isa = PBXGroup;
			children = (
				1DB2FBB01A5AA62F004AC308 /* Info.plist */,
			);
			name = "Supporting Files";
			sourceTree = "<group>";
		};
		1DB2FBC41A5AA62F004AC308 /* TestTests */ = {
			isa = PBXGroup;
			children = (
				1DB2FBC71A5AA62F004AC308 /* TestTests.swift */,
				1DB2FBC51A5AA62F004AC308 /* Supporting Files */,
			);
			path = TestTests;
			sourceTree = "<group>";
		};
		1DB2FBC51A5AA62F004AC308 /* Supporting Files */ = {
			isa = PBXGroup;
			children = (
				1DB2FBC61A5AA62F004AC308 /* Info.plist */,
			);
			name = "Supporting Files";
			sourceTree = "<group>";
		};
/* End PBXGroup section */

/* Begin PBXNativeTarget section */
		1DB2FBAB1A5AA62F004AC308 /* Test */ = {
			isa = PBXNativeTarget;
			buildConfigurationList = 1DB2FBCB1A5AA62F004AC308 /* Build configuration list for PBXNativeTarget "Test" */;
			buildPhases = (
				1DB2FBA81A5AA62F004AC308 /* Sources */,
				1DB2FBA91A5AA62F004AC308 /* Frameworks */,
				1DB2FBAA1A5AA62F004AC308 /* Resources */,
			);
			buildRules = (
			);
			dependencies = (
			);
			name = Test;
			productName = Test;
			productReference = 1DB2FBAC1A5AA62F004AC308 /* Test.app */;
			productType = "com.apple.product-type.application";
		};
		1DB2FBC01A5AA62F004AC308 /* TestTests */ = {
			isa = PBXNativeTarget;
			buildConfigurationList = 1DB2FBCE1A5AA62F004AC308 /* Build configuration list for PBXNativeTarget "TestTests" */;
			buildPhases = (
				1DB2FBBD1A5AA62F004AC308 /* Sources */,
				1DB2FBBE1A5AA62F004AC308 /* Frameworks */,
				1DB2FBBF1A5AA62F004AC308 /* Resources */,
			);
			buildRules = (
			);
			dependencies = (
				1DB2FBC31A5AA62F004AC308 /* PBXTargetDependency */,
			);
			name = TestTests;
			productName = TestTests;
			productReference = 1DB2FBC11A5AA62F004AC308 /* TestTests.xctest */;
			productType = "com.apple.product-type.bundle.unit-test";
		};
/* End PBXNativeTarget section */

/* Begin PBXProject section */
		1DB2FBA41A5AA62F004AC308 /* Project object */ = {
			isa = PBXProject;
			attributes = {
				LastUpgradeCheck = 0610;
				ORGANIZATIONNAME = "Ateneo de Manila University";
				TargetAttributes = {
					1DB2FBAB1A5AA62F004AC308 = {
						CreatedOnToolsVersion = 6.1.1;
					};
					1DB2FBC01A5AA62F004AC308 = {
						CreatedOnToolsVersion = 6.1.1;
						TestTargetID = 1DB2FBAB1A5AA62F004AC308;
					};
				};
			};
			buildConfigurationList = 1DB2FBA71A5AA62F004AC308 /* Build configuration list for PBXProject "Test" */;
			compatibilityVersion = "Xcode 3.2";
			developmentRegion = English;
			hasScannedForEncodings = 0;
			knownRegions = (
				en,
				Base,
			);
			mainGroup = 1DB2FBA31A5AA62F004AC308;
			productRefGroup = 1DB2FBAD1A5AA62F004AC308 /* Products */;
			projectDirPath = "";
			projectRoot = "";
			targets = (
				1DB2FBAB1A5AA62F004AC308 /* Test */,
				1DB2FBC01A5AA62F004AC308 /* TestTests */,
			);
		};
/* End PBXProject section */

/* Begin PBXResourcesBuildPhase section */
		1DB2FBAA1A5AA62F004AC308 /* Resources */ = {
			isa = PBXResourcesBuildPhase;
			buildActionMask = 2147483647;
			files = (
				1DB2FBB71A5AA62F004AC308 /* Main.storyboard in Resources */,
				1DB2FBBC1A5AA62F004AC308 /* LaunchScreen.xib in Resources */,
				1DB2FBB91A5AA62F004AC308 /* Images.xcassets in Resources */,
			);
			runOnlyForDeploymentPostprocessing = 0;
		};
		1DB2FBBF1A5AA62F004AC308 /* Resources */ = {
			isa = PBXResourcesBuildPhase;
			buildActionMask = 2147483647;
			files = (
			);
			runOnlyForDeploymentPostprocessing = 0;
		};
/* End PBXResourcesBuildPhase section */

/* Begin PBXSourcesBuildPhase section */
		1DB2FBA81A5AA62F004AC308 /* Sources */ = {
			isa = PBXSourcesBuildPhase;
			buildActionMask = 2147483647;
			files = (
				1DB2FBB41A5AA62F004AC308 /* ViewController.swift in Sources */,
				1DB2FBB21A5AA62F004AC308 /* AppDelegate.swift in Sources */,
			);
			runOnlyForDeploymentPostprocessing = 0;
		};
		1DB2FBBD1A5AA62F004AC308 /* Sources */ = {
			isa = PBXSourcesBuildPhase;
			buildActionMask = 2147483647;
			files = (
				1DB2FBC81A5AA62F004AC308 /* TestTests.swift in Sources */,
			);
			runOnlyForDeploymentPostprocessing = 0;
		};
/* End PBXSourcesBuildPhase section */

/* Begin PBXTargetDependency section */
		1DB2FBC31A5AA62F004AC308 /* PBXTargetDependency */ = {
			isa = PBXTargetDependency;
			target = 1DB2FBAB1A5AA62F004AC308 /* Test */;
			targetProxy = 1DB2FBC21A5AA62F004AC308 /* PBXContainerItemProxy */;
		};
/* End PBXTargetDependency section */

/* Begin PBXVariantGroup section */
		1DB2FBB51A5AA62F004AC308 /* Main.storyboard */ = {
			isa = PBXVariantGroup;
			children = (
				1DB2FBB61A5AA62F004AC308 /* Base */,
			);
			name = Main.storyboard;
			sourceTree = "<group>";
		};
		1DB2FBBA1A5AA62F004AC308 /* LaunchScreen.xib */ = {
			isa = PBXVariantGroup;
			children = (
				1DB2FBBB1A5AA62F004AC308 /* Base */,
			);
			name = LaunchScreen.xib;
			sourceTree = "<group>";
		};
/* End PBXVariantGroup section */

/* Begin XCBuildConfiguration section */
		1DB2FBC91A5AA62F004AC308 /* Debug */ = {
			isa = XCBuildConfiguration;
			buildSettings = {
				ALWAYS_SEARCH_USER_PATHS = NO;
				CLANG_CXX_LANGUAGE_STANDARD = "gnu++0x";
				CLANG_CXX_LIBRARY = "libc++";
				CLANG_ENABLE_MODULES = YES;
				CLANG_ENABLE_OBJC_ARC = YES;
				CLANG_WARN_BOOL_CONVERSION = YES;
				CLANG_WARN_CONSTANT_CONVERSION = YES;
				CLANG_WARN_DIRECT_OBJC_ISA_USAGE = YES_ERROR;
				CLANG_WARN_EMPTY_BODY = YES;
				CLANG_WARN_ENUM_CONVERSION = YES;
				CLANG_WARN_INT_CONVERSION = YES;
				CLANG_WARN_OBJC_ROOT_CLASS = YES_ERROR;
				CLANG_WARN_UNREACHABLE_CODE = YES;
				CLANG_WARN__DUPLICATE_METHOD_MATCH = YES;
				"CODE_SIGN_IDENTITY[sdk=iphoneos*]" = "iPhone Developer";
				COPY_PHASE_STRIP = NO;
				ENABLE_STRICT_OBJC_MSGSEND = YES;
				GCC_C_LANGUAGE_STANDARD = gnu99;
				GCC_DYNAMIC_NO_PIC = NO;
				GCC_OPTIMIZATION_LEVEL = 0;
				GCC_PREPROCESSOR_DEFINITIONS = (
					"DEBUG=1",
					"$(inherited)",
				);
				GCC_SYMBOLS_PRIVATE_EXTERN = NO;
				GCC_WARN_64_TO_32_BIT_CONVERSION = YES;
				GCC_WARN_ABOUT_RETURN_TYPE = YES_ERROR;
				GCC_WARN_UNDECLARED_SELECTOR = YES;
				GCC_WARN_UNINITIALIZED_AUTOS = YES_AGGRESSIVE;
				GCC_WARN_UNUSED_FUNCTION = YES;
				GCC_WARN_UNUSED_VARIABLE = YES;
				IPHONEOS_DEPLOYMENT_TARGET = 8.1;
				MTL_ENABLE_DEBUG_INFO = YES;
				ONLY_ACTIVE_ARCH = YES;
				SDKROOT = iphoneos;
				SWIFT_OPTIMIZATION_LEVEL = "-Onone";
			};
			name = Debug;
		};
		1DB2FBCA1A5AA62F004AC308 /* Release */ = {
			isa = XCBuildConfiguration;
			buildSettings = {
				ALWAYS_SEARCH_USER_PATHS = NO;
				CLANG_CXX_LANGUAGE_STANDARD = "gnu++0x";
				CLANG_CXX_LIBRARY = "libc++";
				CLANG_ENABLE_MODULES = YES;
				CLANG_ENABLE_OBJC_ARC = YES;
				CLANG_WARN_BOOL_CONVERSION = YES;
				CLANG_WARN_CONSTANT_CONVERSION = YES;
				CLANG_WARN_DIRECT_OBJC_ISA_USAGE = YES_ERROR;
				CLANG_WARN_EMPTY_BODY = YES;
				CLANG_WARN_ENUM_CONVERSION = YES;
				CLANG_WARN_INT_CONVERSION = YES;
				CLANG_WARN_OBJC_ROOT_CLASS = YES_ERROR;
				CLANG_WARN_UNREACHABLE_CODE = YES;
				CLANG_WARN__DUPLICATE_METHOD_MATCH = YES;
				"CODE_SIGN_IDENTITY[sdk=iphoneos*]" = "iPhone Developer";
				COPY_PHASE_STRIP = YES;
				ENABLE_NS_ASSERTIONS = NO;
				ENABLE_STRICT_OBJC_MSGSEND = YES;
				GCC_C_LANGUAGE_STANDARD = gnu99;
				GCC_WARN_64_TO_32_BIT_CONVERSION = YES;
				GCC_WARN_ABOUT_RETURN_TYPE = YES_ERROR;
				GCC_WARN_UNDECLARED_SELECTOR = YES;
				GCC_WARN_UNINITIALIZED_AUTOS = YES_AGGRESSIVE;
				GCC_WARN_UNUSED_FUNCTION = YES;
				GCC_WARN_UNUSED_VARIABLE = YES;
				IPHONEOS_DEPLOYMENT_TARGET = 8.1;
				MTL_ENABLE_DEBUG_INFO = NO;
				SDKROOT = iphoneos;
				VALIDATE_PRODUCT = YES;
			};
			name = Release;
		};
		1DB2FBCC1A5AA62F004AC308 /* Debug */ = {
			isa = XCBuildConfiguration;
			buildSettings = {
				ASSETCATALOG_COMPILER_APPICON_NAME = AppIcon;
				INFOPLIST_FILE = Test/Info.plist;
				LD_RUNPATH_SEARCH_PATHS = "$(inherited) @executable_path/Frameworks";
				PRODUCT_NAME = "$(TARGET_NAME)";
			};
			name = Debug;
		};
		1DB2FBCD1A5AA62F004AC308 /* Release */ = {
			isa = XCBuildConfiguration;
			buildSettings = {
				ASSETCATALOG_COMPILER_APPICON_NAME = AppIcon;
				INFOPLIST_FILE = Test/Info.plist;
				LD_RUNPATH_SEARCH_PATHS = "$(inherited) @executable_path/Frameworks";
				PRODUCT_NAME = "$(TARGET_NAME)";
			};
			name = Release;
		};
		1DB2FBCF1A5AA62F004AC308 /* Debug */ = {
			isa = XCBuildConfiguration;
			buildSettings = {
				BUNDLE_LOADER = "$(TEST_HOST)";
				FRAMEWORK_SEARCH_PATHS = (
					"$(SDKROOT)/Developer/Library/Frameworks",
					"$(inherited)",
				);
				GCC_PREPROCESSOR_DEFINITIONS = (
					"DEBUG=1",
					"$(inherited)",
				);
				INFOPLIST_FILE = TestTests/Info.plist;
				LD_RUNPATH_SEARCH_PATHS = "$(inherited) @executable_path/Frameworks @loader_path/Frameworks";
				PRODUCT_NAME = "$(TARGET_NAME)";
				TEST_HOST = "$(BUILT_PRODUCTS_DIR)/Test.app/Test";
			};
			name = Debug;
		};
		1DB2FBD01A5AA62F004AC308 /* Release */ = {
			isa = XCBuildConfiguration;
			buildSettings = {
				BUNDLE_LOADER = "$(TEST_HOST)";
				FRAMEWORK_SEARCH_PATHS = (
					"$(SDKROOT)/Developer/Library/Frameworks",
					"$(inherited)",
				);
				INFOPLIST_FILE = TestTests/Info.plist;
				LD_RUNPATH_SEARCH_PATHS = "$(inherited) @executable_path/Frameworks @loader_path/Frameworks";
				PRODUCT_NAME = "$(TARGET_NAME)";
				TEST_HOST = "$(BUILT_PRODUCTS_DIR)/Test.app/Test";
			};
			name = Release;
		};
/* End XCBuildConfiguration section */

/* Begin XCConfigurationList section */
		1DB2FBA71A5AA62F004AC308 /* Build configuration list for PBXProject "Test" */ = {
			isa = XCConfigurationList;
			buildConfigurations = (
				1DB2FBC91A5AA62F004AC308 /* Debug */,
				1DB2FBCA1A5AA62F004AC308 /* Release */,
			);
			defaultConfigurationIsVisible = 0;
			defaultConfigurationName = Release;
		};
		1DB2FBCB1A5AA62F004AC308 /* Build configuration list for PBXNativeTarget "Test" */ = {
			isa = XCConfigurationList;
			buildConfigurations = (
				1DB2FBCC1A5AA62F004AC308 /* Debug */,
				1DB2FBCD1A5AA62F004AC308 /* Release */,
			);
			defaultConfigurationIsVisible = 0;
		};
		1DB2FBCE1A5AA62F004AC308 /* Build configuration list for PBXNativeTarget "TestTests" */ = {
			isa = XCConfigurationList;
			buildConfigurations = (
				1DB2FBCF1A5AA62F004AC308 /* Debug */,
				1DB2FBD01A5AA62F004AC308 /* Release */,
			);
			defaultConfigurationIsVisible = 0;
		};
/* End XCConfigurationList section */
	};
	rootObject = 1DB2FBA41A5AA62F004AC308 /* Project object */;
}
