// !$*UTF8*$!
{
	archiveVersion = 1;
	classes = {
	};
	objectVersion = 46;
	objects = {

/* Begin PBXBuildFile section */
		1D356CD01A2343CA00F3D263 /* AppDelegate.swift in Sources */ = {isa = PBXBuildFile; fileRef = 1D356CCF1A2343CA00F3D263 /* AppDelegate.swift */; };
		1D356CD21A2343CA00F3D263 /* ViewController.swift in Sources */ = {isa = PBXBuildFile; fileRef = 1D356CD11A2343CA00F3D263 /* ViewController.swift */; };
		1D356CD51A2343CA00F3D263 /* Main.storyboard in Resources */ = {isa = PBXBuildFile; fileRef = 1D356CD31A2343CA00F3D263 /* Main.storyboard */; };
		1D356CD71A2343CA00F3D263 /* Images.xcassets in Resources */ = {isa = PBXBuildFile; fileRef = 1D356CD61A2343CA00F3D263 /* Images.xcassets */; };
		1D356CDA1A2343CA00F3D263 /* LaunchScreen.xib in Resources */ = {isa = PBXBuildFile; fileRef = 1D356CD81A2343CA00F3D263 /* LaunchScreen.xib */; };
		1D356CE61A2343CA00F3D263 /* BullseyeTests.swift in Sources */ = {isa = PBXBuildFile; fileRef = 1D356CE51A2343CA00F3D263 /* BullseyeTests.swift */; };
		1D509E1A1A3F023D00AB2266 /* AboutViewController.swift in Sources */ = {isa = PBXBuildFile; fileRef = 1D509E191A3F023D00AB2266 /* AboutViewController.swift */; };
/* End PBXBuildFile section */

/* Begin PBXContainerItemProxy section */
		1D356CE01A2343CA00F3D263 /* PBXContainerItemProxy */ = {
			isa = PBXContainerItemProxy;
			containerPortal = 1D356CC21A2343CA00F3D263 /* Project object */;
			proxyType = 1;
			remoteGlobalIDString = 1D356CC91A2343CA00F3D263;
			remoteInfo = Bullseye;
		};
/* End PBXContainerItemProxy section */

/* Begin PBXFileReference section */
		1D356CCA1A2343CA00F3D263 /* Bullseye.app */ = {isa = PBXFileReference; explicitFileType = wrapper.application; includeInIndex = 0; path = Bullseye.app; sourceTree = BUILT_PRODUCTS_DIR; };
		1D356CCE1A2343CA00F3D263 /* Info.plist */ = {isa = PBXFileReference; lastKnownFileType = text.plist.xml; path = Info.plist; sourceTree = "<group>"; };
		1D356CCF1A2343CA00F3D263 /* AppDelegate.swift */ = {isa = PBXFileReference; lastKnownFileType = sourcecode.swift; path = AppDelegate.swift; sourceTree = "<group>"; };
		1D356CD11A2343CA00F3D263 /* ViewController.swift */ = {isa = PBXFileReference; lastKnownFileType = sourcecode.swift; path = ViewController.swift; sourceTree = "<group>"; };
		1D356CD41A2343CA00F3D263 /* Base */ = {isa = PBXFileReference; lastKnownFileType = file.storyboard; name = Base; path = Base.lproj/Main.storyboard; sourceTree = "<group>"; };
		1D356CD61A2343CA00F3D263 /* Images.xcassets */ = {isa = PBXFileReference; lastKnownFileType = folder.assetcatalog; path = Images.xcassets; sourceTree = "<group>"; };
		1D356CD91A2343CA00F3D263 /* Base */ = {isa = PBXFileReference; lastKnownFileType = file.xib; name = Base; path = Base.lproj/LaunchScreen.xib; sourceTree = "<group>"; };
		1D356CDF1A2343CA00F3D263 /* BullseyeTests.xctest */ = {isa = PBXFileReference; explicitFileType = wrapper.cfbundle; includeInIndex = 0; path = BullseyeTests.xctest; sourceTree = BUILT_PRODUCTS_DIR; };
		1D356CE41A2343CA00F3D263 /* Info.plist */ = {isa = PBXFileReference; lastKnownFileType = text.plist.xml; path = Info.plist; sourceTree = "<group>"; };
		1D356CE51A2343CA00F3D263 /* BullseyeTests.swift */ = {isa = PBXFileReference; lastKnownFileType = sourcecode.swift; path = BullseyeTests.swift; sourceTree = "<group>"; };
		1D509E191A3F023D00AB2266 /* AboutViewController.swift */ = {isa = PBXFileReference; fileEncoding = 4; lastKnownFileType = sourcecode.swift; path = AboutViewController.swift; sourceTree = "<group>"; };
/* End PBXFileReference section */

/* Begin PBXFrameworksBuildPhase section */
		1D356CC71A2343CA00F3D263 /* Frameworks */ = {
			isa = PBXFrameworksBuildPhase;
			buildActionMask = 2147483647;
			files = (
			);
			runOnlyForDeploymentPostprocessing = 0;
		};
		1D356CDC1A2343CA00F3D263 /* Frameworks */ = {
			isa = PBXFrameworksBuildPhase;
			buildActionMask = 2147483647;
			files = (
			);
			runOnlyForDeploymentPostprocessing = 0;
		};
/* End PBXFrameworksBuildPhase section */

/* Begin PBXGroup section */
		1D356CC11A2343CA00F3D263 = {
			isa = PBXGroup;
			children = (
				1D356CCC1A2343CA00F3D263 /* Bullseye */,
				1D356CE21A2343CA00F3D263 /* BullseyeTests */,
				1D356CCB1A2343CA00F3D263 /* Products */,
			);
			sourceTree = "<group>";
		};
		1D356CCB1A2343CA00F3D263 /* Products */ = {
			isa = PBXGroup;
			children = (
				1D356CCA1A2343CA00F3D263 /* Bullseye.app */,
				1D356CDF1A2343CA00F3D263 /* BullseyeTests.xctest */,
			);
			name = Products;
			sourceTree = "<group>";
		};
		1D356CCC1A2343CA00F3D263 /* Bullseye */ = {
			isa = PBXGroup;
			children = (
				1D356CCF1A2343CA00F3D263 /* AppDelegate.swift */,
				1D356CD11A2343CA00F3D263 /* ViewController.swift */,
				1D356CD31A2343CA00F3D263 /* Main.storyboard */,
				1D356CD61A2343CA00F3D263 /* Images.xcassets */,
				1D356CD81A2343CA00F3D263 /* LaunchScreen.xib */,
				1D356CCD1A2343CA00F3D263 /* Supporting Files */,
				1D509E191A3F023D00AB2266 /* AboutViewController.swift */,
			);
			path = Bullseye;
			sourceTree = "<group>";
		};
		1D356CCD1A2343CA00F3D263 /* Supporting Files */ = {
			isa = PBXGroup;
			children = (
				1D356CCE1A2343CA00F3D263 /* Info.plist */,
			);
			name = "Supporting Files";
			sourceTree = "<group>";
		};
		1D356CE21A2343CA00F3D263 /* BullseyeTests */ = {
			isa = PBXGroup;
			children = (
				1D356CE51A2343CA00F3D263 /* BullseyeTests.swift */,
				1D356CE31A2343CA00F3D263 /* Supporting Files */,
			);
			path = BullseyeTests;
			sourceTree = "<group>";
		};
		1D356CE31A2343CA00F3D263 /* Supporting Files */ = {
			isa = PBXGroup;
			children = (
				1D356CE41A2343CA00F3D263 /* Info.plist */,
			);
			name = "Supporting Files";
			sourceTree = "<group>";
		};
/* End PBXGroup section */

/* Begin PBXNativeTarget section */
		1D356CC91A2343CA00F3D263 /* Bullseye */ = {
			isa = PBXNativeTarget;
			buildConfigurationList = 1D356CE91A2343CA00F3D263 /* Build configuration list for PBXNativeTarget "Bullseye" */;
			buildPhases = (
				1D356CC61A2343CA00F3D263 /* Sources */,
				1D356CC71A2343CA00F3D263 /* Frameworks */,
				1D356CC81A2343CA00F3D263 /* Resources */,
			);
			buildRules = (
			);
			dependencies = (
			);
			name = Bullseye;
			productName = Bullseye;
			productReference = 1D356CCA1A2343CA00F3D263 /* Bullseye.app */;
			productType = "com.apple.product-type.application";
		};
		1D356CDE1A2343CA00F3D263 /* BullseyeTests */ = {
			isa = PBXNativeTarget;
			buildConfigurationList = 1D356CEC1A2343CA00F3D263 /* Build configuration list for PBXNativeTarget "BullseyeTests" */;
			buildPhases = (
				1D356CDB1A2343CA00F3D263 /* Sources */,
				1D356CDC1A2343CA00F3D263 /* Frameworks */,
				1D356CDD1A2343CA00F3D263 /* Resources */,
			);
			buildRules = (
			);
			dependencies = (
				1D356CE11A2343CA00F3D263 /* PBXTargetDependency */,
			);
			name = BullseyeTests;
			productName = BullseyeTests;
			productReference = 1D356CDF1A2343CA00F3D263 /* BullseyeTests.xctest */;
			productType = "com.apple.product-type.bundle.unit-test";
		};
/* End PBXNativeTarget section */

/* Begin PBXProject section */
		1D356CC21A2343CA00F3D263 /* Project object */ = {
			isa = PBXProject;
			attributes = {
				LastUpgradeCheck = 0610;
				ORGANIZATIONNAME = "Ateneo de Manila University";
				TargetAttributes = {
					1D356CC91A2343CA00F3D263 = {
						CreatedOnToolsVersion = 6.1;
						DevelopmentTeam = M9ERCGRC8D;
					};
					1D356CDE1A2343CA00F3D263 = {
						CreatedOnToolsVersion = 6.1;
						TestTargetID = 1D356CC91A2343CA00F3D263;
					};
				};
			};
			buildConfigurationList = 1D356CC51A2343CA00F3D263 /* Build configuration list for PBXProject "Bullseye" */;
			compatibilityVersion = "Xcode 3.2";
			developmentRegion = English;
			hasScannedForEncodings = 0;
			knownRegions = (
				en,
				Base,
			);
			mainGroup = 1D356CC11A2343CA00F3D263;
			productRefGroup = 1D356CCB1A2343CA00F3D263 /* Products */;
			projectDirPath = "";
			projectRoot = "";
			targets = (
				1D356CC91A2343CA00F3D263 /* Bullseye */,
				1D356CDE1A2343CA00F3D263 /* BullseyeTests */,
			);
		};
/* End PBXProject section */

/* Begin PBXResourcesBuildPhase section */
		1D356CC81A2343CA00F3D263 /* Resources */ = {
			isa = PBXResourcesBuildPhase;
			buildActionMask = 2147483647;
			files = (
				1D356CD51A2343CA00F3D263 /* Main.storyboard in Resources */,
				1D356CDA1A2343CA00F3D263 /* LaunchScreen.xib in Resources */,
				1D356CD71A2343CA00F3D263 /* Images.xcassets in Resources */,
			);
			runOnlyForDeploymentPostprocessing = 0;
		};
		1D356CDD1A2343CA00F3D263 /* Resources */ = {
			isa = PBXResourcesBuildPhase;
			buildActionMask = 2147483647;
			files = (
			);
			runOnlyForDeploymentPostprocessing = 0;
		};
/* End PBXResourcesBuildPhase section */

/* Begin PBXSourcesBuildPhase section */
		1D356CC61A2343CA00F3D263 /* Sources */ = {
			isa = PBXSourcesBuildPhase;
			buildActionMask = 2147483647;
			files = (
				1D509E1A1A3F023D00AB2266 /* AboutViewController.swift in Sources */,
				1D356CD21A2343CA00F3D263 /* ViewController.swift in Sources */,
				1D356CD01A2343CA00F3D263 /* AppDelegate.swift in Sources */,
			);
			runOnlyForDeploymentPostprocessing = 0;
		};
		1D356CDB1A2343CA00F3D263 /* Sources */ = {
			isa = PBXSourcesBuildPhase;
			buildActionMask = 2147483647;
			files = (
				1D356CE61A2343CA00F3D263 /* BullseyeTests.swift in Sources */,
			);
			runOnlyForDeploymentPostprocessing = 0;
		};
/* End PBXSourcesBuildPhase section */

/* Begin PBXTargetDependency section */
		1D356CE11A2343CA00F3D263 /* PBXTargetDependency */ = {
			isa = PBXTargetDependency;
			target = 1D356CC91A2343CA00F3D263 /* Bullseye */;
			targetProxy = 1D356CE01A2343CA00F3D263 /* PBXContainerItemProxy */;
		};
/* End PBXTargetDependency section */

/* Begin PBXVariantGroup section */
		1D356CD31A2343CA00F3D263 /* Main.storyboard */ = {
			isa = PBXVariantGroup;
			children = (
				1D356CD41A2343CA00F3D263 /* Base */,
			);
			name = Main.storyboard;
			sourceTree = "<group>";
		};
		1D356CD81A2343CA00F3D263 /* LaunchScreen.xib */ = {
			isa = PBXVariantGroup;
			children = (
				1D356CD91A2343CA00F3D263 /* Base */,
			);
			name = LaunchScreen.xib;
			sourceTree = "<group>";
		};
/* End PBXVariantGroup section */

/* Begin XCBuildConfiguration section */
		1D356CE71A2343CA00F3D263 /* Debug */ = {
			isa = XCBuildConfiguration;
			buildSettings = {
				ALWAYS_SEARCH_USER_PATHS = NO;
				CLANG_CXX_LANGUAGE_STANDARD = "gnu++0x";
				CLANG_CXX_LIBRARY = "libc++";
				CLANG_ENABLE_MODULES = YES;
				CLANG_ENABLE_OBJC_ARC = YES;
				CLANG_WARN_BOOL_CONVERSION = YES;
				CLANG_WARN_CONSTANT_CONVERSION = YES;
				CLANG_WARN_DIRECT_OBJC_ISA_USAGE = YES_ERROR;
				CLANG_WARN_EMPTY_BODY = YES;
				CLANG_WARN_ENUM_CONVERSION = YES;
				CLANG_WARN_INT_CONVERSION = YES;
				CLANG_WARN_OBJC_ROOT_CLASS = YES_ERROR;
				CLANG_WARN_UNREACHABLE_CODE = YES;
				CLANG_WARN__DUPLICATE_METHOD_MATCH = YES;
				"CODE_SIGN_IDENTITY[sdk=iphoneos*]" = "iPhone Developer";
				COPY_PHASE_STRIP = NO;
				ENABLE_STRICT_OBJC_MSGSEND = YES;
				GCC_C_LANGUAGE_STANDARD = gnu99;
				GCC_DYNAMIC_NO_PIC = NO;
				GCC_OPTIMIZATION_LEVEL = 0;
				GCC_PREPROCESSOR_DEFINITIONS = (
					"DEBUG=1",
					"$(inherited)",
				);
				GCC_SYMBOLS_PRIVATE_EXTERN = NO;
				GCC_WARN_64_TO_32_BIT_CONVERSION = YES;
				GCC_WARN_ABOUT_RETURN_TYPE = YES_ERROR;
				GCC_WARN_UNDECLARED_SELECTOR = YES;
				GCC_WARN_UNINITIALIZED_AUTOS = YES_AGGRESSIVE;
				GCC_WARN_UNUSED_FUNCTION = YES;
				GCC_WARN_UNUSED_VARIABLE = YES;
				IPHONEOS_DEPLOYMENT_TARGET = 8.1;
				MTL_ENABLE_DEBUG_INFO = YES;
				ONLY_ACTIVE_ARCH = YES;
				SDKROOT = iphoneos;
				SWIFT_OPTIMIZATION_LEVEL = "-Onone";
			};
			name = Debug;
		};
		1D356CE81A2343CA00F3D263 /* Release */ = {
			isa = XCBuildConfiguration;
			buildSettings = {
				ALWAYS_SEARCH_USER_PATHS = NO;
				CLANG_CXX_LANGUAGE_STANDARD = "gnu++0x";
				CLANG_CXX_LIBRARY = "libc++";
				CLANG_ENABLE_MODULES = YES;
				CLANG_ENABLE_OBJC_ARC = YES;
				CLANG_WARN_BOOL_CONVERSION = YES;
				CLANG_WARN_CONSTANT_CONVERSION = YES;
				CLANG_WARN_DIRECT_OBJC_ISA_USAGE = YES_ERROR;
				CLANG_WARN_EMPTY_BODY = YES;
				CLANG_WARN_ENUM_CONVERSION = YES;
				CLANG_WARN_INT_CONVERSION = YES;
				CLANG_WARN_OBJC_ROOT_CLASS = YES_ERROR;
				CLANG_WARN_UNREACHABLE_CODE = YES;
				CLANG_WARN__DUPLICATE_METHOD_MATCH = YES;
				"CODE_SIGN_IDENTITY[sdk=iphoneos*]" = "iPhone Developer";
				COPY_PHASE_STRIP = YES;
				ENABLE_NS_ASSERTIONS = NO;
				ENABLE_STRICT_OBJC_MSGSEND = YES;
				GCC_C_LANGUAGE_STANDARD = gnu99;
				GCC_WARN_64_TO_32_BIT_CONVERSION = YES;
				GCC_WARN_ABOUT_RETURN_TYPE = YES_ERROR;
				GCC_WARN_UNDECLARED_SELECTOR = YES;
				GCC_WARN_UNINITIALIZED_AUTOS = YES_AGGRESSIVE;
				GCC_WARN_UNUSED_FUNCTION = YES;
				GCC_WARN_UNUSED_VARIABLE = YES;
				IPHONEOS_DEPLOYMENT_TARGET = 8.1;
				MTL_ENABLE_DEBUG_INFO = NO;
				SDKROOT = iphoneos;
				VALIDATE_PRODUCT = YES;
			};
			name = Release;
		};
		1D356CEA1A2343CA00F3D263 /* Debug */ = {
			isa = XCBuildConfiguration;
			buildSettings = {
				ASSETCATALOG_COMPILER_APPICON_NAME = AppIcon;
				CODE_SIGN_IDENTITY = "iPhone Developer";
				"CODE_SIGN_IDENTITY[sdk=iphoneos*]" = "iPhone Developer";
				INFOPLIST_FILE = Bullseye/Info.plist;
				IPHONEOS_DEPLOYMENT_TARGET = 8.1;
				LD_RUNPATH_SEARCH_PATHS = "$(inherited) @executable_path/Frameworks";
				PRODUCT_NAME = "$(TARGET_NAME)";
				PROVISIONING_PROFILE = "";
				TARGETED_DEVICE_FAMILY = 1;
			};
			name = Debug;
		};
		1D356CEB1A2343CA00F3D263 /* Release */ = {
			isa = XCBuildConfiguration;
			buildSettings = {
				ASSETCATALOG_COMPILER_APPICON_NAME = AppIcon;
				CODE_SIGN_IDENTITY = "iPhone Developer";
				"CODE_SIGN_IDENTITY[sdk=iphoneos*]" = "iPhone Developer";
				INFOPLIST_FILE = Bullseye/Info.plist;
				IPHONEOS_DEPLOYMENT_TARGET = 8.1;
				LD_RUNPATH_SEARCH_PATHS = "$(inherited) @executable_path/Frameworks";
				PRODUCT_NAME = "$(TARGET_NAME)";
				PROVISIONING_PROFILE = "";
				TARGETED_DEVICE_FAMILY = 1;
			};
			name = Release;
		};
		1D356CED1A2343CA00F3D263 /* Debug */ = {
			isa = XCBuildConfiguration;
			buildSettings = {
				BUNDLE_LOADER = "$(TEST_HOST)";
				FRAMEWORK_SEARCH_PATHS = (
					"$(SDKROOT)/Developer/Library/Frameworks",
					"$(inherited)",
				);
				GCC_PREPROCESSOR_DEFINITIONS = (
					"DEBUG=1",
					"$(inherited)",
				);
				INFOPLIST_FILE = BullseyeTests/Info.plist;
				LD_RUNPATH_SEARCH_PATHS = "$(inherited) @executable_path/Frameworks @loader_path/Frameworks";
				PRODUCT_NAME = "$(TARGET_NAME)";
				TEST_HOST = "$(BUILT_PRODUCTS_DIR)/Bullseye.app/Bullseye";
			};
			name = Debug;
		};
		1D356CEE1A2343CA00F3D263 /* Release */ = {
			isa = XCBuildConfiguration;
			buildSettings = {
				BUNDLE_LOADER = "$(TEST_HOST)";
				FRAMEWORK_SEARCH_PATHS = (
					"$(SDKROOT)/Developer/Library/Frameworks",
					"$(inherited)",
				);
				INFOPLIST_FILE = BullseyeTests/Info.plist;
				LD_RUNPATH_SEARCH_PATHS = "$(inherited) @executable_path/Frameworks @loader_path/Frameworks";
				PRODUCT_NAME = "$(TARGET_NAME)";
				TEST_HOST = "$(BUILT_PRODUCTS_DIR)/Bullseye.app/Bullseye";
			};
			name = Release;
		};
/* End XCBuildConfiguration section */

/* Begin XCConfigurationList section */
		1D356CC51A2343CA00F3D263 /* Build configuration list for PBXProject "Bullseye" */ = {
			isa = XCConfigurationList;
			buildConfigurations = (
				1D356CE71A2343CA00F3D263 /* Debug */,
				1D356CE81A2343CA00F3D263 /* Release */,
			);
			defaultConfigurationIsVisible = 0;
			defaultConfigurationName = Release;
		};
		1D356CE91A2343CA00F3D263 /* Build configuration list for PBXNativeTarget "Bullseye" */ = {
			isa = XCConfigurationList;
			buildConfigurations = (
				1D356CEA1A2343CA00F3D263 /* Debug */,
				1D356CEB1A2343CA00F3D263 /* Release */,
			);
			defaultConfigurationIsVisible = 0;
			defaultConfigurationName = Release;
		};
		1D356CEC1A2343CA00F3D263 /* Build configuration list for PBXNativeTarget "BullseyeTests" */ = {
			isa = XCConfigurationList;
			buildConfigurations = (
				1D356CED1A2343CA00F3D263 /* Debug */,
				1D356CEE1A2343CA00F3D263 /* Release */,
			);
			defaultConfigurationIsVisible = 0;
			defaultConfigurationName = Release;
		};
/* End XCConfigurationList section */
	};
	rootObject = 1D356CC21A2343CA00F3D263 /* Project object */;
}
