// !$*UTF8*$!
{
	archiveVersion = 1;
	classes = {
	};
	objectVersion = 46;
	objects = {

/* Begin PBXBuildFile section */
		1D9571301A1A050300D475A6 /* AppDelegate.swift in Sources */ = {isa = PBXBuildFile; fileRef = 1D95712F1A1A050300D475A6 /* AppDelegate.swift */; };
		1D9571321A1A050300D475A6 /* ViewController.swift in Sources */ = {isa = PBXBuildFile; fileRef = 1D9571311A1A050300D475A6 /* ViewController.swift */; };
		1D9571351A1A050300D475A6 /* Main.storyboard in Resources */ = {isa = PBXBuildFile; fileRef = 1D9571331A1A050300D475A6 /* Main.storyboard */; };
		1D9571371A1A050300D475A6 /* Images.xcassets in Resources */ = {isa = PBXBuildFile; fileRef = 1D9571361A1A050300D475A6 /* Images.xcassets */; };
		1D95713A1A1A050300D475A6 /* LaunchScreen.xib in Resources */ = {isa = PBXBuildFile; fileRef = 1D9571381A1A050300D475A6 /* LaunchScreen.xib */; };
		1D9571461A1A050300D475A6 /* AdventureTests.swift in Sources */ = {isa = PBXBuildFile; fileRef = 1D9571451A1A050300D475A6 /* AdventureTests.swift */; };
/* End PBXBuildFile section */

/* Begin PBXContainerItemProxy section */
		1D9571401A1A050300D475A6 /* PBXContainerItemProxy */ = {
			isa = PBXContainerItemProxy;
			containerPortal = 1D9571221A1A050300D475A6 /* Project object */;
			proxyType = 1;
			remoteGlobalIDString = 1D9571291A1A050300D475A6;
			remoteInfo = Adventure;
		};
/* End PBXContainerItemProxy section */

/* Begin PBXFileReference section */
		1D95712A1A1A050300D475A6 /* Adventure.app */ = {isa = PBXFileReference; explicitFileType = wrapper.application; includeInIndex = 0; path = Adventure.app; sourceTree = BUILT_PRODUCTS_DIR; };
		1D95712E1A1A050300D475A6 /* Info.plist */ = {isa = PBXFileReference; lastKnownFileType = text.plist.xml; path = Info.plist; sourceTree = "<group>"; };
		1D95712F1A1A050300D475A6 /* AppDelegate.swift */ = {isa = PBXFileReference; lastKnownFileType = sourcecode.swift; path = AppDelegate.swift; sourceTree = "<group>"; };
		1D9571311A1A050300D475A6 /* ViewController.swift */ = {isa = PBXFileReference; lastKnownFileType = sourcecode.swift; path = ViewController.swift; sourceTree = "<group>"; };
		1D9571341A1A050300D475A6 /* Base */ = {isa = PBXFileReference; lastKnownFileType = file.storyboard; name = Base; path = Base.lproj/Main.storyboard; sourceTree = "<group>"; };
		1D9571361A1A050300D475A6 /* Images.xcassets */ = {isa = PBXFileReference; lastKnownFileType = folder.assetcatalog; path = Images.xcassets; sourceTree = "<group>"; };
		1D9571391A1A050300D475A6 /* Base */ = {isa = PBXFileReference; lastKnownFileType = file.xib; name = Base; path = Base.lproj/LaunchScreen.xib; sourceTree = "<group>"; };
		1D95713F1A1A050300D475A6 /* AdventureTests.xctest */ = {isa = PBXFileReference; explicitFileType = wrapper.cfbundle; includeInIndex = 0; path = AdventureTests.xctest; sourceTree = BUILT_PRODUCTS_DIR; };
		1D9571441A1A050300D475A6 /* Info.plist */ = {isa = PBXFileReference; lastKnownFileType = text.plist.xml; path = Info.plist; sourceTree = "<group>"; };
		1D9571451A1A050300D475A6 /* AdventureTests.swift */ = {isa = PBXFileReference; lastKnownFileType = sourcecode.swift; path = AdventureTests.swift; sourceTree = "<group>"; };
/* End PBXFileReference section */

/* Begin PBXFrameworksBuildPhase section */
		1D9571271A1A050300D475A6 /* Frameworks */ = {
			isa = PBXFrameworksBuildPhase;
			buildActionMask = 2147483647;
			files = (
			);
			runOnlyForDeploymentPostprocessing = 0;
		};
		1D95713C1A1A050300D475A6 /* Frameworks */ = {
			isa = PBXFrameworksBuildPhase;
			buildActionMask = 2147483647;
			files = (
			);
			runOnlyForDeploymentPostprocessing = 0;
		};
/* End PBXFrameworksBuildPhase section */

/* Begin PBXGroup section */
		1D9571211A1A050300D475A6 = {
			isa = PBXGroup;
			children = (
				1D95712C1A1A050300D475A6 /* Adventure */,
				1D9571421A1A050300D475A6 /* AdventureTests */,
				1D95712B1A1A050300D475A6 /* Products */,
			);
			sourceTree = "<group>";
		};
		1D95712B1A1A050300D475A6 /* Products */ = {
			isa = PBXGroup;
			children = (
				1D95712A1A1A050300D475A6 /* Adventure.app */,
				1D95713F1A1A050300D475A6 /* AdventureTests.xctest */,
			);
			name = Products;
			sourceTree = "<group>";
		};
		1D95712C1A1A050300D475A6 /* Adventure */ = {
			isa = PBXGroup;
			children = (
				1D95712F1A1A050300D475A6 /* AppDelegate.swift */,
				1D9571311A1A050300D475A6 /* ViewController.swift */,
				1D9571331A1A050300D475A6 /* Main.storyboard */,
				1D9571361A1A050300D475A6 /* Images.xcassets */,
				1D9571381A1A050300D475A6 /* LaunchScreen.xib */,
				1D95712D1A1A050300D475A6 /* Supporting Files */,
			);
			path = Adventure;
			sourceTree = "<group>";
		};
		1D95712D1A1A050300D475A6 /* Supporting Files */ = {
			isa = PBXGroup;
			children = (
				1D95712E1A1A050300D475A6 /* Info.plist */,
			);
			name = "Supporting Files";
			sourceTree = "<group>";
		};
		1D9571421A1A050300D475A6 /* AdventureTests */ = {
			isa = PBXGroup;
			children = (
				1D9571451A1A050300D475A6 /* AdventureTests.swift */,
				1D9571431A1A050300D475A6 /* Supporting Files */,
			);
			path = AdventureTests;
			sourceTree = "<group>";
		};
		1D9571431A1A050300D475A6 /* Supporting Files */ = {
			isa = PBXGroup;
			children = (
				1D9571441A1A050300D475A6 /* Info.plist */,
			);
			name = "Supporting Files";
			sourceTree = "<group>";
		};
/* End PBXGroup section */

/* Begin PBXNativeTarget section */
		1D9571291A1A050300D475A6 /* Adventure */ = {
			isa = PBXNativeTarget;
			buildConfigurationList = 1D9571491A1A050300D475A6 /* Build configuration list for PBXNativeTarget "Adventure" */;
			buildPhases = (
				1D9571261A1A050300D475A6 /* Sources */,
				1D9571271A1A050300D475A6 /* Frameworks */,
				1D9571281A1A050300D475A6 /* Resources */,
			);
			buildRules = (
			);
			dependencies = (
			);
			name = Adventure;
			productName = Adventure;
			productReference = 1D95712A1A1A050300D475A6 /* Adventure.app */;
			productType = "com.apple.product-type.application";
		};
		1D95713E1A1A050300D475A6 /* AdventureTests */ = {
			isa = PBXNativeTarget;
			buildConfigurationList = 1D95714C1A1A050300D475A6 /* Build configuration list for PBXNativeTarget "AdventureTests" */;
			buildPhases = (
				1D95713B1A1A050300D475A6 /* Sources */,
				1D95713C1A1A050300D475A6 /* Frameworks */,
				1D95713D1A1A050300D475A6 /* Resources */,
			);
			buildRules = (
			);
			dependencies = (
				1D9571411A1A050300D475A6 /* PBXTargetDependency */,
			);
			name = AdventureTests;
			productName = AdventureTests;
			productReference = 1D95713F1A1A050300D475A6 /* AdventureTests.xctest */;
			productType = "com.apple.product-type.bundle.unit-test";
		};
/* End PBXNativeTarget section */

/* Begin PBXProject section */
		1D9571221A1A050300D475A6 /* Project object */ = {
			isa = PBXProject;
			attributes = {
				LastUpgradeCheck = 0610;
				ORGANIZATIONNAME = "Ateneo de Manila University";
				TargetAttributes = {
					1D9571291A1A050300D475A6 = {
						CreatedOnToolsVersion = 6.1;
						DevelopmentTeam = M9ERCGRC8D;
					};
					1D95713E1A1A050300D475A6 = {
						CreatedOnToolsVersion = 6.1;
						TestTargetID = 1D9571291A1A050300D475A6;
					};
				};
			};
			buildConfigurationList = 1D9571251A1A050300D475A6 /* Build configuration list for PBXProject "Adventure" */;
			compatibilityVersion = "Xcode 3.2";
			developmentRegion = English;
			hasScannedForEncodings = 0;
			knownRegions = (
				en,
				Base,
			);
			mainGroup = 1D9571211A1A050300D475A6;
			productRefGroup = 1D95712B1A1A050300D475A6 /* Products */;
			projectDirPath = "";
			projectRoot = "";
			targets = (
				1D9571291A1A050300D475A6 /* Adventure */,
				1D95713E1A1A050300D475A6 /* AdventureTests */,
			);
		};
/* End PBXProject section */

/* Begin PBXResourcesBuildPhase section */
		1D9571281A1A050300D475A6 /* Resources */ = {
			isa = PBXResourcesBuildPhase;
			buildActionMask = 2147483647;
			files = (
				1D9571351A1A050300D475A6 /* Main.storyboard in Resources */,
				1D95713A1A1A050300D475A6 /* LaunchScreen.xib in Resources */,
				1D9571371A1A050300D475A6 /* Images.xcassets in Resources */,
			);
			runOnlyForDeploymentPostprocessing = 0;
		};
		1D95713D1A1A050300D475A6 /* Resources */ = {
			isa = PBXResourcesBuildPhase;
			buildActionMask = 2147483647;
			files = (
			);
			runOnlyForDeploymentPostprocessing = 0;
		};
/* End PBXResourcesBuildPhase section */

/* Begin PBXSourcesBuildPhase section */
		1D9571261A1A050300D475A6 /* Sources */ = {
			isa = PBXSourcesBuildPhase;
			buildActionMask = 2147483647;
			files = (
				1D9571321A1A050300D475A6 /* ViewController.swift in Sources */,
				1D9571301A1A050300D475A6 /* AppDelegate.swift in Sources */,
			);
			runOnlyForDeploymentPostprocessing = 0;
		};
		1D95713B1A1A050300D475A6 /* Sources */ = {
			isa = PBXSourcesBuildPhase;
			buildActionMask = 2147483647;
			files = (
				1D9571461A1A050300D475A6 /* AdventureTests.swift in Sources */,
			);
			runOnlyForDeploymentPostprocessing = 0;
		};
/* End PBXSourcesBuildPhase section */

/* Begin PBXTargetDependency section */
		1D9571411A1A050300D475A6 /* PBXTargetDependency */ = {
			isa = PBXTargetDependency;
			target = 1D9571291A1A050300D475A6 /* Adventure */;
			targetProxy = 1D9571401A1A050300D475A6 /* PBXContainerItemProxy */;
		};
/* End PBXTargetDependency section */

/* Begin PBXVariantGroup section */
		1D9571331A1A050300D475A6 /* Main.storyboard */ = {
			isa = PBXVariantGroup;
			children = (
				1D9571341A1A050300D475A6 /* Base */,
			);
			name = Main.storyboard;
			sourceTree = "<group>";
		};
		1D9571381A1A050300D475A6 /* LaunchScreen.xib */ = {
			isa = PBXVariantGroup;
			children = (
				1D9571391A1A050300D475A6 /* Base */,
			);
			name = LaunchScreen.xib;
			sourceTree = "<group>";
		};
/* End PBXVariantGroup section */

/* Begin XCBuildConfiguration section */
		1D9571471A1A050300D475A6 /* Debug */ = {
			isa = XCBuildConfiguration;
			buildSettings = {
				ALWAYS_SEARCH_USER_PATHS = NO;
				CLANG_CXX_LANGUAGE_STANDARD = "gnu++0x";
				CLANG_CXX_LIBRARY = "libc++";
				CLANG_ENABLE_MODULES = YES;
				CLANG_ENABLE_OBJC_ARC = YES;
				CLANG_WARN_BOOL_CONVERSION = YES;
				CLANG_WARN_CONSTANT_CONVERSION = YES;
				CLANG_WARN_DIRECT_OBJC_ISA_USAGE = YES_ERROR;
				CLANG_WARN_EMPTY_BODY = YES;
				CLANG_WARN_ENUM_CONVERSION = YES;
				CLANG_WARN_INT_CONVERSION = YES;
				CLANG_WARN_OBJC_ROOT_CLASS = YES_ERROR;
				CLANG_WARN_UNREACHABLE_CODE = YES;
				CLANG_WARN__DUPLICATE_METHOD_MATCH = YES;
				"CODE_SIGN_IDENTITY[sdk=iphoneos*]" = "iPhone Developer";
				COPY_PHASE_STRIP = NO;
				ENABLE_STRICT_OBJC_MSGSEND = YES;
				GCC_C_LANGUAGE_STANDARD = gnu99;
				GCC_DYNAMIC_NO_PIC = NO;
				GCC_OPTIMIZATION_LEVEL = 0;
				GCC_PREPROCESSOR_DEFINITIONS = (
					"DEBUG=1",
					"$(inherited)",
				);
				GCC_SYMBOLS_PRIVATE_EXTERN = NO;
				GCC_WARN_64_TO_32_BIT_CONVERSION = YES;
				GCC_WARN_ABOUT_RETURN_TYPE = YES_ERROR;
				GCC_WARN_UNDECLARED_SELECTOR = YES;
				GCC_WARN_UNINITIALIZED_AUTOS = YES_AGGRESSIVE;
				GCC_WARN_UNUSED_FUNCTION = YES;
				GCC_WARN_UNUSED_VARIABLE = YES;
				IPHONEOS_DEPLOYMENT_TARGET = 8.1;
				MTL_ENABLE_DEBUG_INFO = YES;
				ONLY_ACTIVE_ARCH = YES;
				SDKROOT = iphoneos;
				SWIFT_OPTIMIZATION_LEVEL = "-Onone";
			};
			name = Debug;
		};
		1D9571481A1A050300D475A6 /* Release */ = {
			isa = XCBuildConfiguration;
			buildSettings = {
				ALWAYS_SEARCH_USER_PATHS = NO;
				CLANG_CXX_LANGUAGE_STANDARD = "gnu++0x";
				CLANG_CXX_LIBRARY = "libc++";
				CLANG_ENABLE_MODULES = YES;
				CLANG_ENABLE_OBJC_ARC = YES;
				CLANG_WARN_BOOL_CONVERSION = YES;
				CLANG_WARN_CONSTANT_CONVERSION = YES;
				CLANG_WARN_DIRECT_OBJC_ISA_USAGE = YES_ERROR;
				CLANG_WARN_EMPTY_BODY = YES;
				CLANG_WARN_ENUM_CONVERSION = YES;
				CLANG_WARN_INT_CONVERSION = YES;
				CLANG_WARN_OBJC_ROOT_CLASS = YES_ERROR;
				CLANG_WARN_UNREACHABLE_CODE = YES;
				CLANG_WARN__DUPLICATE_METHOD_MATCH = YES;
				"CODE_SIGN_IDENTITY[sdk=iphoneos*]" = "iPhone Developer";
				COPY_PHASE_STRIP = YES;
				ENABLE_NS_ASSERTIONS = NO;
				ENABLE_STRICT_OBJC_MSGSEND = YES;
				GCC_C_LANGUAGE_STANDARD = gnu99;
				GCC_WARN_64_TO_32_BIT_CONVERSION = YES;
				GCC_WARN_ABOUT_RETURN_TYPE = YES_ERROR;
				GCC_WARN_UNDECLARED_SELECTOR = YES;
				GCC_WARN_UNINITIALIZED_AUTOS = YES_AGGRESSIVE;
				GCC_WARN_UNUSED_FUNCTION = YES;
				GCC_WARN_UNUSED_VARIABLE = YES;
				IPHONEOS_DEPLOYMENT_TARGET = 8.1;
				MTL_ENABLE_DEBUG_INFO = NO;
				SDKROOT = iphoneos;
				VALIDATE_PRODUCT = YES;
			};
			name = Release;
		};
		1D95714A1A1A050300D475A6 /* Debug */ = {
			isa = XCBuildConfiguration;
			buildSettings = {
				ASSETCATALOG_COMPILER_APPICON_NAME = AppIcon;
				INFOPLIST_FILE = Adventure/Info.plist;
				LD_RUNPATH_SEARCH_PATHS = "$(inherited) @executable_path/Frameworks";
				PRODUCT_NAME = "$(TARGET_NAME)";
			};
			name = Debug;
		};
		1D95714B1A1A050300D475A6 /* Release */ = {
			isa = XCBuildConfiguration;
			buildSettings = {
				ASSETCATALOG_COMPILER_APPICON_NAME = AppIcon;
				INFOPLIST_FILE = Adventure/Info.plist;
				LD_RUNPATH_SEARCH_PATHS = "$(inherited) @executable_path/Frameworks";
				PRODUCT_NAME = "$(TARGET_NAME)";
			};
			name = Release;
		};
		1D95714D1A1A050300D475A6 /* Debug */ = {
			isa = XCBuildConfiguration;
			buildSettings = {
				BUNDLE_LOADER = "$(TEST_HOST)";
				FRAMEWORK_SEARCH_PATHS = (
					"$(SDKROOT)/Developer/Library/Frameworks",
					"$(inherited)",
				);
				GCC_PREPROCESSOR_DEFINITIONS = (
					"DEBUG=1",
					"$(inherited)",
				);
				INFOPLIST_FILE = AdventureTests/Info.plist;
				LD_RUNPATH_SEARCH_PATHS = "$(inherited) @executable_path/Frameworks @loader_path/Frameworks";
				PRODUCT_NAME = "$(TARGET_NAME)";
				TEST_HOST = "$(BUILT_PRODUCTS_DIR)/Adventure.app/Adventure";
			};
			name = Debug;
		};
		1D95714E1A1A050300D475A6 /* Release */ = {
			isa = XCBuildConfiguration;
			buildSettings = {
				BUNDLE_LOADER = "$(TEST_HOST)";
				FRAMEWORK_SEARCH_PATHS = (
					"$(SDKROOT)/Developer/Library/Frameworks",
					"$(inherited)",
				);
				INFOPLIST_FILE = AdventureTests/Info.plist;
				LD_RUNPATH_SEARCH_PATHS = "$(inherited) @executable_path/Frameworks @loader_path/Frameworks";
				PRODUCT_NAME = "$(TARGET_NAME)";
				TEST_HOST = "$(BUILT_PRODUCTS_DIR)/Adventure.app/Adventure";
			};
			name = Release;
		};
/* End XCBuildConfiguration section */

/* Begin XCConfigurationList section */
		1D9571251A1A050300D475A6 /* Build configuration list for PBXProject "Adventure" */ = {
			isa = XCConfigurationList;
			buildConfigurations = (
				1D9571471A1A050300D475A6 /* Debug */,
				1D9571481A1A050300D475A6 /* Release */,
			);
			defaultConfigurationIsVisible = 0;
			defaultConfigurationName = Release;
		};
		1D9571491A1A050300D475A6 /* Build configuration list for PBXNativeTarget "Adventure" */ = {
			isa = XCConfigurationList;
			buildConfigurations = (
				1D95714A1A1A050300D475A6 /* Debug */,
				1D95714B1A1A050300D475A6 /* Release */,
			);
			defaultConfigurationIsVisible = 0;
		};
		1D95714C1A1A050300D475A6 /* Build configuration list for PBXNativeTarget "AdventureTests" */ = {
			isa = XCConfigurationList;
			buildConfigurations = (
				1D95714D1A1A050300D475A6 /* Debug */,
				1D95714E1A1A050300D475A6 /* Release */,
			);
			defaultConfigurationIsVisible = 0;
		};
/* End XCConfigurationList section */
	};
	rootObject = 1D9571221A1A050300D475A6 /* Project object */;
}
